
Microsoft Visual Studio Solution File, Format Version 12.00
# Visual Studio Version 16
VisualStudioVersion = 16.0.31025.194
MinimumVisualStudioVersion = 10.0.40219.1
Project("{FAE04EC0-301F-11D3-BF4B-00C04F79EFBC}") = "ConsoleGH", "ConsoleGH\ConsoleGH.csproj", "{8AC59774-4567-4964-92BD-2E8D1640BDEA}"
EndProject
Project("{FAE04EC0-301F-11D3-BF4B-00C04F79EFBC}") = "ConsoleCore", "ConsoleCore\ConsoleCore.csproj", "{19598402-3C89-4F68-8177-D0E92F314E30}"
EndProject
Global
	GlobalSection(SolutionConfigurationPlatforms) = preSolution
		Debug|Any CPU = Debug|Any CPU
		Release|Any CPU = Release|Any CPU
	EndGlobalSection
	GlobalSection(ProjectConfigurationPlatforms) = postSolution
		{8AC59774-4567-4964-92BD-2E8D1640BDEA}.Debug|Any CPU.ActiveCfg = Debug|Any CPU
		{8AC59774-4567-4964-92BD-2E8D1640BDEA}.Debug|Any CPU.Build.0 = Debug|Any CPU
		{8AC59774-4567-4964-92BD-2E8D1640BDEA}.Release|Any CPU.ActiveCfg = Release|Any CPU
		{8AC59774-4567-4964-92BD-2E8D1640BDEA}.Release|Any CPU.Build.0 = Release|Any CPU
		{19598402-3C89-4F68-8177-D0E92F314E30}.Debug|Any CPU.ActiveCfg = Debug|Any CPU
		{19598402-3C89-4F68-8177-D0E92F314E30}.Debug|Any CPU.Build.0 = Debug|Any CPU
		{19598402-3C89-4F68-8177-D0E92F314E30}.Release|Any CPU.ActiveCfg = Release|Any CPU
		{19598402-3C89-4F68-8177-D0E92F314E30}.Release|Any CPU.Build.0 = Release|Any CPU
	EndGlobalSection
	GlobalSection(SolutionProperties) = preSolution
		HideSolutionNode = FALSE
	EndGlobalSection
	GlobalSection(ExtensibilityGlobals) = postSolution
		SolutionGuid = {9A2F245A-CE59-4D9A-A6C2-9EFFA52326CA}
	EndGlobalSection
EndGlobal
